// !$*UTF8*$!
{
	archiveVersion = 1;
	classes = {
	};
	objectVersion = 77;
	objects = {

/* Begin PBXContainerItemProxy section */
		E1BAE7EE2DD3200500B4E159 /* PBXContainerItemProxy */ = {
			isa = PBXContainerItemProxy;
			containerPortal = E1BAE7D82DD3200200B4E159 /* Project object */;
			proxyType = 1;
			remoteGlobalIDString = E1BAE7DF2DD3200200B4E159;
			remoteInfo = SlashWallet;
		};
		E1BAE7F82DD3200500B4E159 /* PBXContainerItemProxy */ = {
			isa = PBXContainerItemProxy;
			containerPortal = E1BAE7D82DD3200200B4E159 /* Project object */;
			proxyType = 1;
			remoteGlobalIDString = E1BAE7DF2DD3200200B4E159;
			remoteInfo = SlashWallet;
		};
/* End PBXContainerItemProxy section */

/* Begin PBXFileReference section */
		E1BAE7E02DD3200200B4E159 /* SlashWallet.app */ = {isa = PBXFileReference; explicitFileType = wrapper.application; includeInIndex = 0; path = SlashWallet.app; sourceTree = BUILT_PRODUCTS_DIR; };
		E1BAE7ED2DD3200500B4E159 /* SlashWalletTests.xctest */ = {isa = PBXFileReference; explicitFileType = wrapper.cfbundle; includeInIndex = 0; path = SlashWalletTests.xctest; sourceTree = BUILT_PRODUCTS_DIR; };
		E1BAE7F72DD3200500B4E159 /* SlashWalletUITests.xctest */ = {isa = PBXFileReference; explicitFileType = wrapper.cfbundle; includeInIndex = 0; path = SlashWalletUITests.xctest; sourceTree = BUILT_PRODUCTS_DIR; };
/* End PBXFileReference section */

/* Begin PBXFileSystemSynchronizedRootGroup section */
		E1BAE7E22DD3200200B4E159 /* SlashWallet */ = {
			isa = PBXFileSystemSynchronizedRootGroup;
			path = SlashWallet;
			sourceTree = "<group>";
		};
		E1BAE7F02DD3200500B4E159 /* SlashWalletTests */ = {
			isa = PBXFileSystemSynchronizedRootGroup;
			path = SlashWalletTests;
			sourceTree = "<group>";
		};
		E1BAE7FA2DD3200500B4E159 /* SlashWalletUITests */ = {
			isa = PBXFileSystemSynchronizedRootGroup;
			path = SlashWalletUITests;
			sourceTree = "<group>";
		};
/* End PBXFileSystemSynchronizedRootGroup section */

/* Begin PBXFrameworksBuildPhase section */
		E1BAE7DD2DD3200200B4E159 /* Frameworks */ = {
			isa = PBXFrameworksBuildPhase;
			buildActionMask = 2147483647;
			files = (
			);
			runOnlyForDeploymentPostprocessing = 0;
		};
		E1BAE7EA2DD3200500B4E159 /* Frameworks */ = {
			isa = PBXFrameworksBuildPhase;
			buildActionMask = 2147483647;
			files = (
			);
			runOnlyForDeploymentPostprocessing = 0;
		};
		E1BAE7F42DD3200500B4E159 /* Frameworks */ = {
			isa = PBXFrameworksBuildPhase;
			buildActionMask = 2147483647;
			files = (
			);
			runOnlyForDeploymentPostprocessing = 0;
		};
/* End PBXFrameworksBuildPhase section */

/* Begin PBXGroup section */
		E1BAE7D72DD3200200B4E159 = {
			isa = PBXGroup;
			children = (
				E1BAE7E22DD3200200B4E159 /* SlashWallet */,
				E1BAE7F02DD3200500B4E159 /* SlashWalletTests */,
				E1BAE7FA2DD3200500B4E159 /* SlashWalletUITests */,
				E1BAE7E12DD3200200B4E159 /* Products */,
			);
			sourceTree = "<group>";
		};
		E1BAE7E12DD3200200B4E159 /* Products */ = {
			isa = PBXGroup;
			children = (
				E1BAE7E02DD3200200B4E159 /* SlashWallet.app */,
				E1BAE7ED2DD3200500B4E159 /* SlashWalletTests.xctest */,
				E1BAE7F72DD3200500B4E159 /* SlashWalletUITests.xctest */,
			);
			name = Products;
			sourceTree = "<group>";
		};
/* End PBXGroup section */

/* Begin PBXNativeTarget section */
		E1BAE7DF2DD3200200B4E159 /* SlashWallet */ = {
			isa = PBXNativeTarget;
			buildConfigurationList = E1BAE8012DD3200500B4E159 /* Build configuration list for PBXNativeTarget "SlashWallet" */;
			buildPhases = (
				E1BAE7DC2DD3200200B4E159 /* Sources */,
				E1BAE7DD2DD3200200B4E159 /* Frameworks */,
				E1BAE7DE2DD3200200B4E159 /* Resources */,
			);
			buildRules = (
			);
			dependencies = (
			);
			fileSystemSynchronizedGroups = (
				E1BAE7E22DD3200200B4E159 /* SlashWallet */,
			);
			name = SlashWallet;
			packageProductDependencies = (
			);
			productName = SlashWallet;
			productReference = E1BAE7E02DD3200200B4E159 /* SlashWallet.app */;
			productType = "com.apple.product-type.application";
		};
		E1BAE7EC2DD3200500B4E159 /* SlashWalletTests */ = {
			isa = PBXNativeTarget;
			buildConfigurationList = E1BAE8042DD3200500B4E159 /* Build configuration list for PBXNativeTarget "SlashWalletTests" */;
			buildPhases = (
				E1BAE7E92DD3200500B4E159 /* Sources */,
				E1BAE7EA2DD3200500B4E159 /* Frameworks */,
				E1BAE7EB2DD3200500B4E159 /* Resources */,
			);
			buildRules = (
			);
			dependencies = (
				E1BAE7EF2DD3200500B4E159 /* PBXTargetDependency */,
			);
			fileSystemSynchronizedGroups = (
				E1BAE7F02DD3200500B4E159 /* SlashWalletTests */,
			);
			name = SlashWalletTests;
			packageProductDependencies = (
			);
			productName = SlashWalletTests;
			productReference = E1BAE7ED2DD3200500B4E159 /* SlashWalletTests.xctest */;
			productType = "com.apple.product-type.bundle.unit-test";
		};
		E1BAE7F62DD3200500B4E159 /* SlashWalletUITests */ = {
			isa = PBXNativeTarget;
			buildConfigurationList = E1BAE8072DD3200500B4E159 /* Build configuration list for PBXNativeTarget "SlashWalletUITests" */;
			buildPhases = (
				E1BAE7F32DD3200500B4E159 /* Sources */,
				E1BAE7F42DD3200500B4E159 /* Frameworks */,
				E1BAE7F52DD3200500B4E159 /* Resources */,
			);
			buildRules = (
			);
			dependencies = (
				E1BAE7F92DD3200500B4E159 /* PBXTargetDependency */,
			);
			fileSystemSynchronizedGroups = (
				E1BAE7FA2DD3200500B4E159 /* SlashWalletUITests */,
			);
			name = SlashWalletUITests;
			packageProductDependencies = (
			);
			productName = SlashWalletUITests;
			productReference = E1BAE7F72DD3200500B4E159 /* SlashWalletUITests.xctest */;
			productType = "com.apple.product-type.bundle.ui-testing";
		};
/* End PBXNativeTarget section */

/* Begin PBXProject section */
		E1BAE7D82DD3200200B4E159 /* Project object */ = {
			isa = PBXProject;
			attributes = {
				BuildIndependentTargetsInParallel = 1;
				LastSwiftUpdateCheck = 1630;
				LastUpgradeCheck = 1630;
				TargetAttributes = {
					E1BAE7DF2DD3200200B4E159 = {
						CreatedOnToolsVersion = 16.3;
					};
					E1BAE7EC2DD3200500B4E159 = {
						CreatedOnToolsVersion = 16.3;
						TestTargetID = E1BAE7DF2DD3200200B4E159;
					};
					E1BAE7F62DD3200500B4E159 = {
						CreatedOnToolsVersion = 16.3;
						TestTargetID = E1BAE7DF2DD3200200B4E159;
					};
				};
			};
			buildConfigurationList = E1BAE7DB2DD3200200B4E159 /* Build configuration list for PBXProject "SlashWallet" */;
			developmentRegion = en;
			hasScannedForEncodings = 0;
			knownRegions = (
				en,
				Base,
			);
			mainGroup = E1BAE7D72DD3200200B4E159;
			minimizedProjectReferenceProxies = 1;
			preferredProjectObjectVersion = 77;
			productRefGroup = E1BAE7E12DD3200200B4E159 /* Products */;
			projectDirPath = "";
			projectRoot = "";
			targets = (
				E1BAE7DF2DD3200200B4E159 /* SlashWallet */,
				E1BAE7EC2DD3200500B4E159 /* SlashWalletTests */,
				E1BAE7F62DD3200500B4E159 /* SlashWalletUITests */,
			);
		};
/* End PBXProject section */

/* Begin PBXResourcesBuildPhase section */
		E1BAE7DE2DD3200200B4E159 /* Resources */ = {
			isa = PBXResourcesBuildPhase;
			buildActionMask = 2147483647;
			files = (
			);
			runOnlyForDeploymentPostprocessing = 0;
		};
		E1BAE7EB2DD3200500B4E159 /* Resources */ = {
			isa = PBXResourcesBuildPhase;
			buildActionMask = 2147483647;
			files = (
			);
			runOnlyForDeploymentPostprocessing = 0;
		};
		E1BAE7F52DD3200500B4E159 /* Resources */ = {
			isa = PBXResourcesBuildPhase;
			buildActionMask = 2147483647;
			files = (
			);
			runOnlyForDeploymentPostprocessing = 0;
		};
/* End PBXResourcesBuildPhase section */

/* Begin PBXSourcesBuildPhase section */
		E1BAE7DC2DD3200200B4E159 /* Sources */ = {
			isa = PBXSourcesBuildPhase;
			buildActionMask = 2147483647;
			files = (
			);
			runOnlyForDeploymentPostprocessing = 0;
		};
		E1BAE7E92DD3200500B4E159 /* Sources */ = {
			isa = PBXSourcesBuildPhase;
			buildActionMask = 2147483647;
			files = (
			);
			runOnlyForDeploymentPostprocessing = 0;
		};
		E1BAE7F32DD3200500B4E159 /* Sources */ = {
			isa = PBXSourcesBuildPhase;
			buildActionMask = 2147483647;
			files = (
			);
			runOnlyForDeploymentPostprocessing = 0;
		};
/* End PBXSourcesBuildPhase section */

/* Begin PBXTargetDependency section */
		E1BAE7EF2DD3200500B4E159 /* PBXTargetDependency */ = {
			isa = PBXTargetDependency;
			target = E1BAE7DF2DD3200200B4E159 /* SlashWallet */;
			targetProxy = E1BAE7EE2DD3200500B4E159 /* PBXContainerItemProxy */;
		};
		E1BAE7F92DD3200500B4E159 /* PBXTargetDependency */ = {
			isa = PBXTargetDependency;
			target = E1BAE7DF2DD3200200B4E159 /* SlashWallet */;
			targetProxy = E1BAE7F82DD3200500B4E159 /* PBXContainerItemProxy */;
		};
/* End PBXTargetDependency section */

/* Begin XCBuildConfiguration section */
		E1BAE7FF2DD3200500B4E159 /* Debug */ = {
			isa = XCBuildConfiguration;
			buildSettings = {
				ALWAYS_SEARCH_USER_PATHS = NO;
				ASSETCATALOG_COMPILER_GENERATE_SWIFT_ASSET_SYMBOL_EXTENSIONS = YES;
				CLANG_ANALYZER_NONNULL = YES;
				CLANG_ANALYZER_NUMBER_OBJECT_CONVERSION = YES_AGGRESSIVE;
				CLANG_CXX_LANGUAGE_STANDARD = "gnu++20";
				CLANG_ENABLE_MODULES = YES;
				CLANG_ENABLE_OBJC_ARC = YES;
				CLANG_ENABLE_OBJC_WEAK = YES;
				CLANG_WARN_BLOCK_CAPTURE_AUTORELEASING = YES;
				CLANG_WARN_BOOL_CONVERSION = YES;
				CLANG_WARN_COMMA = YES;
				CLANG_WARN_CONSTANT_CONVERSION = YES;
				CLANG_WARN_DEPRECATED_OBJC_IMPLEMENTATIONS = YES;
				CLANG_WARN_DIRECT_OBJC_ISA_USAGE = YES_ERROR;
				CLANG_WARN_DOCUMENTATION_COMMENTS = YES;
				CLANG_WARN_EMPTY_BODY = YES;
				CLANG_WARN_ENUM_CONVERSION = YES;
				CLANG_WARN_INFINITE_RECURSION = YES;
				CLANG_WARN_INT_CONVERSION = YES;
				CLANG_WARN_NON_LITERAL_NULL_CONVERSION = YES;
				CLANG_WARN_OBJC_IMPLICIT_RETAIN_SELF = YES;
				CLANG_WARN_OBJC_LITERAL_CONVERSION = YES;
				CLANG_WARN_OBJC_ROOT_CLASS = YES_ERROR;
				CLANG_WARN_QUOTED_INCLUDE_IN_FRAMEWORK_HEADER = YES;
				CLANG_WARN_RANGE_LOOP_ANALYSIS = YES;
				CLANG_WARN_STRICT_PROTOTYPES = YES;
				CLANG_WARN_SUSPICIOUS_MOVE = YES;
				CLANG_WARN_UNGUARDED_AVAILABILITY = YES_AGGRESSIVE;
				CLANG_WARN_UNREACHABLE_CODE = YES;
				CLANG_WARN__DUPLICATE_METHOD_MATCH = YES;
				COPY_PHASE_STRIP = NO;
				DEBUG_INFORMATION_FORMAT = dwarf;
				ENABLE_STRICT_OBJC_MSGSEND = YES;
				ENABLE_TESTABILITY = YES;
				ENABLE_USER_SCRIPT_SANDBOXING = YES;
				GCC_C_LANGUAGE_STANDARD = gnu17;
				GCC_DYNAMIC_NO_PIC = NO;
				GCC_NO_COMMON_BLOCKS = YES;
				GCC_OPTIMIZATION_LEVEL = 0;
				GCC_PREPROCESSOR_DEFINITIONS = (
					"DEBUG=1",
					"$(inherited)",
				);
				GCC_WARN_64_TO_32_BIT_CONVERSION = YES;
				GCC_WARN_ABOUT_RETURN_TYPE = YES_ERROR;
				GCC_WARN_UNDECLARED_SELECTOR = YES;
				GCC_WARN_UNINITIALIZED_AUTOS = YES_AGGRESSIVE;
				GCC_WARN_UNUSED_FUNCTION = YES;
				GCC_WARN_UNUSED_VARIABLE = YES;
				IPHONEOS_DEPLOYMENT_TARGET = 18.4;
				LOCALIZATION_PREFERS_STRING_CATALOGS = YES;
				MTL_ENABLE_DEBUG_INFO = INCLUDE_SOURCE;
				MTL_FAST_MATH = YES;
				ONLY_ACTIVE_ARCH = YES;
				SDKROOT = iphoneos;
				SWIFT_ACTIVE_COMPILATION_CONDITIONS = "DEBUG $(inherited)";
				SWIFT_OPTIMIZATION_LEVEL = "-Onone";
			};
			name = Debug;
		};
		E1BAE8002DD3200500B4E159 /* Release */ = {
			isa = XCBuildConfiguration;
			buildSettings = {
				ALWAYS_SEARCH_USER_PATHS = NO;
				ASSETCATALOG_COMPILER_GENERATE_SWIFT_ASSET_SYMBOL_EXTENSIONS = YES;
				CLANG_ANALYZER_NONNULL = YES;
				CLANG_ANALYZER_NUMBER_OBJECT_CONVERSION = YES_AGGRESSIVE;
				CLANG_CXX_LANGUAGE_STANDARD = "gnu++20";
				CLANG_ENABLE_MODULES = YES;
				CLANG_ENABLE_OBJC_ARC = YES;
				CLANG_ENABLE_OBJC_WEAK = YES;
				CLANG_WARN_BLOCK_CAPTURE_AUTORELEASING = YES;
				CLANG_WARN_BOOL_CONVERSION = YES;
				CLANG_WARN_COMMA = YES;
				CLANG_WARN_CONSTANT_CONVERSION = YES;
				CLANG_WARN_DEPRECATED_OBJC_IMPLEMENTATIONS = YES;
				CLANG_WARN_DIRECT_OBJC_ISA_USAGE = YES_ERROR;
				CLANG_WARN_DOCUMENTATION_COMMENTS = YES;
				CLANG_WARN_EMPTY_BODY = YES;
				CLANG_WARN_ENUM_CONVERSION = YES;
				CLANG_WARN_INFINITE_RECURSION = YES;
				CLANG_WARN_INT_CONVERSION = YES;
				CLANG_WARN_NON_LITERAL_NULL_CONVERSION = YES;
				CLANG_WARN_OBJC_IMPLICIT_RETAIN_SELF = YES;
				CLANG_WARN_OBJC_LITERAL_CONVERSION = YES;
				CLANG_WARN_OBJC_ROOT_CLASS = YES_ERROR;
				CLANG_WARN_QUOTED_INCLUDE_IN_FRAMEWORK_HEADER = YES;
				CLANG_WARN_RANGE_LOOP_ANALYSIS = YES;
				CLANG_WARN_STRICT_PROTOTYPES = YES;
				CLANG_WARN_SUSPICIOUS_MOVE = YES;
				CLANG_WARN_UNGUARDED_AVAILABILITY = YES_AGGRESSIVE;
				CLANG_WARN_UNREACHABLE_CODE = YES;
				CLANG_WARN__DUPLICATE_METHOD_MATCH = YES;
				COPY_PHASE_STRIP = NO;
				DEBUG_INFORMATION_FORMAT = "dwarf-with-dsym";
				ENABLE_NS_ASSERTIONS = NO;
				ENABLE_STRICT_OBJC_MSGSEND = YES;
				ENABLE_USER_SCRIPT_SANDBOXING = YES;
				GCC_C_LANGUAGE_STANDARD = gnu17;
				GCC_NO_COMMON_BLOCKS = YES;
				GCC_WARN_64_TO_32_BIT_CONVERSION = YES;
				GCC_WARN_ABOUT_RETURN_TYPE = YES_ERROR;
				GCC_WARN_UNDECLARED_SELECTOR = YES;
				GCC_WARN_UNINITIALIZED_AUTOS = YES_AGGRESSIVE;
				GCC_WARN_UNUSED_FUNCTION = YES;
				GCC_WARN_UNUSED_VARIABLE = YES;
				IPHONEOS_DEPLOYMENT_TARGET = 18.4;
				LOCALIZATION_PREFERS_STRING_CATALOGS = YES;
				MTL_ENABLE_DEBUG_INFO = NO;
				MTL_FAST_MATH = YES;
				SDKROOT = iphoneos;
				SWIFT_COMPILATION_MODE = wholemodule;
				VALIDATE_PRODUCT = YES;
			};
			name = Release;
		};
		E1BAE8022DD3200500B4E159 /* Debug */ = {
			isa = XCBuildConfiguration;
			buildSettings = {
				ASSETCATALOG_COMPILER_APPICON_NAME = AppIcon;
				ASSETCATALOG_COMPILER_GLOBAL_ACCENT_COLOR_NAME = AccentColor;
				CODE_SIGN_STYLE = Automatic;
				CURRENT_PROJECT_VERSION = 1;
				ENABLE_PREVIEWS = YES;
				GENERATE_INFOPLIST_FILE = YES;
				INFOPLIST_KEY_UIApplicationSceneManifest_Generation = YES;
				INFOPLIST_KEY_UIApplicationSupportsIndirectInputEvents = YES;
				INFOPLIST_KEY_UILaunchScreen_Generation = YES;
				INFOPLIST_KEY_UISupportedInterfaceOrientations_iPad = "UIInterfaceOrientationPortrait UIInterfaceOrientationPortraitUpsideDown UIInterfaceOrientationLandscapeLeft UIInterfaceOrientationLandscapeRight";
				INFOPLIST_KEY_UISupportedInterfaceOrientations_iPhone = "UIInterfaceOrientationPortrait UIInterfaceOrientationLandscapeLeft UIInterfaceOrientationLandscapeRight";
				LD_RUNPATH_SEARCH_PATHS = (
					"$(inherited)",
					"@executable_path/Frameworks",
				);
				MARKETING_VERSION = 1.0;
				PRODUCT_BUNDLE_IDENTIFIER = "Dimguide-Solutions.SlashWallet";
				PRODUCT_NAME = "$(TARGET_NAME)";
				SWIFT_EMIT_LOC_STRINGS = YES;
				SWIFT_VERSION = 5.0;
				TARGETED_DEVICE_FAMILY = "1,2";
			};
			name = Debug;
		};
		E1BAE8032DD3200500B4E159 /* Release */ = {
			isa = XCBuildConfiguration;
			buildSettings = {
				ASSETCATALOG_COMPILER_APPICON_NAME = AppIcon;
				ASSETCATALOG_COMPILER_GLOBAL_ACCENT_COLOR_NAME = AccentColor;
				CODE_SIGN_STYLE = Automatic;
				CURRENT_PROJECT_VERSION = 1;
				ENABLE_PREVIEWS = YES;
				GENERATE_INFOPLIST_FILE = YES;
				INFOPLIST_KEY_UIApplicationSceneManifest_Generation = YES;
				INFOPLIST_KEY_UIApplicationSupportsIndirectInputEvents = YES;
				INFOPLIST_KEY_UILaunchScreen_Generation = YES;
				INFOPLIST_KEY_UISupportedInterfaceOrientations_iPad = "UIInterfaceOrientationPortrait UIInterfaceOrientationPortraitUpsideDown UIInterfaceOrientationLandscapeLeft UIInterfaceOrientationLandscapeRight";
				INFOPLIST_KEY_UISupportedInterfaceOrientations_iPhone = "UIInterfaceOrientationPortrait UIInterfaceOrientationLandscapeLeft UIInterfaceOrientationLandscapeRight";
				LD_RUNPATH_SEARCH_PATHS = (
					"$(inherited)",
					"@executable_path/Frameworks",
				);
				MARKETING_VERSION = 1.0;
				PRODUCT_BUNDLE_IDENTIFIER = "Dimguide-Solutions.SlashWallet";
				PRODUCT_NAME = "$(TARGET_NAME)";
				SWIFT_EMIT_LOC_STRINGS = YES;
				SWIFT_VERSION = 5.0;
				TARGETED_DEVICE_FAMILY = "1,2";
			};
			name = Release;
		};
		E1BAE8052DD3200500B4E159 /* Debug */ = {
			isa = XCBuildConfiguration;
			buildSettings = {
				BUNDLE_LOADER = "$(TEST_HOST)";
				CODE_SIGN_STYLE = Automatic;
				CURRENT_PROJECT_VERSION = 1;
				GENERATE_INFOPLIST_FILE = YES;
				IPHONEOS_DEPLOYMENT_TARGET = 18.4;
				MARKETING_VERSION = 1.0;
				PRODUCT_BUNDLE_IDENTIFIER = "Dimguide-Solutions.SlashWalletTests";
				PRODUCT_NAME = "$(TARGET_NAME)";
				SWIFT_EMIT_LOC_STRINGS = NO;
				SWIFT_VERSION = 5.0;
				TARGETED_DEVICE_FAMILY = "1,2";
				TEST_HOST = "$(BUILT_PRODUCTS_DIR)/SlashWallet.app/$(BUNDLE_EXECUTABLE_FOLDER_PATH)/SlashWallet";
			};
			name = Debug;
		};
		E1BAE8062DD3200500B4E159 /* Release */ = {
			isa = XCBuildConfiguration;
			buildSettings = {
				BUNDLE_LOADER = "$(TEST_HOST)";
				CODE_SIGN_STYLE = Automatic;
				CURRENT_PROJECT_VERSION = 1;
				GENERATE_INFOPLIST_FILE = YES;
				IPHONEOS_DEPLOYMENT_TARGET = 18.4;
				MARKETING_VERSION = 1.0;
				PRODUCT_BUNDLE_IDENTIFIER = "Dimguide-Solutions.SlashWalletTests";
				PRODUCT_NAME = "$(TARGET_NAME)";
				SWIFT_EMIT_LOC_STRINGS = NO;
				SWIFT_VERSION = 5.0;
				TARGETED_DEVICE_FAMILY = "1,2";
				TEST_HOST = "$(BUILT_PRODUCTS_DIR)/SlashWallet.app/$(BUNDLE_EXECUTABLE_FOLDER_PATH)/SlashWallet";
			};
			name = Release;
		};
		E1BAE8082DD3200500B4E159 /* Debug */ = {
			isa = XCBuildConfiguration;
			buildSettings = {
				CODE_SIGN_STYLE = Automatic;
				CURRENT_PROJECT_VERSION = 1;
				GENERATE_INFOPLIST_FILE = YES;
				MARKETING_VERSION = 1.0;
				PRODUCT_BUNDLE_IDENTIFIER = "Dimguide-Solutions.SlashWalletUITests";
				PRODUCT_NAME = "$(TARGET_NAME)";
				SWIFT_EMIT_LOC_STRINGS = NO;
				SWIFT_VERSION = 5.0;
				TARGETED_DEVICE_FAMILY = "1,2";
				TEST_TARGET_NAME = SlashWallet;
			};
			name = Debug;
		};
		E1BAE8092DD3200500B4E159 /* Release */ = {
			isa = XCBuildConfiguration;
			buildSettings = {
				CODE_SIGN_STYLE = Automatic;
				CURRENT_PROJECT_VERSION = 1;
				GENERATE_INFOPLIST_FILE = YES;
				MARKETING_VERSION = 1.0;
				PRODUCT_BUNDLE_IDENTIFIER = "Dimguide-Solutions.SlashWalletUITests";
				PRODUCT_NAME = "$(TARGET_NAME)";
				SWIFT_EMIT_LOC_STRINGS = NO;
				SWIFT_VERSION = 5.0;
				TARGETED_DEVICE_FAMILY = "1,2";
				TEST_TARGET_NAME = SlashWallet;
			};
			name = Release;
		};
/* End XCBuildConfiguration section */

/* Begin XCConfigurationList section */
		E1BAE7DB2DD3200200B4E159 /* Build configuration list for PBXProject "SlashWallet" */ = {
			isa = XCConfigurationList;
			buildConfigurations = (
				E1BAE7FF2DD3200500B4E159 /* Debug */,
				E1BAE8002DD3200500B4E159 /* Release */,
			);
			defaultConfigurationIsVisible = 0;
			defaultConfigurationName = Release;
		};
		E1BAE8012DD3200500B4E159 /* Build configuration list for PBXNativeTarget "SlashWallet" */ = {
			isa = XCConfigurationList;
			buildConfigurations = (
				E1BAE8022DD3200500B4E159 /* Debug */,
				E1BAE8032DD3200500B4E159 /* Release */,
			);
			defaultConfigurationIsVisible = 0;
			defaultConfigurationName = Release;
		};
		E1BAE8042DD3200500B4E159 /* Build configuration list for PBXNativeTarget "SlashWalletTests" */ = {
			isa = XCConfigurationList;
			buildConfigurations = (
				E1BAE8052DD3200500B4E159 /* Debug */,
				E1BAE8062DD3200500B4E159 /* Release */,
			);
			defaultConfigurationIsVisible = 0;
			defaultConfigurationName = Release;
		};
		E1BAE8072DD3200500B4E159 /* Build configuration list for PBXNativeTarget "SlashWalletUITests" */ = {
			isa = XCConfigurationList;
			buildConfigurations = (
				E1BAE8082DD3200500B4E159 /* Debug */,
				E1BAE8092DD3200500B4E159 /* Release */,
			);
			defaultConfigurationIsVisible = 0;
			defaultConfigurationName = Release;
		};
/* End XCConfigurationList section */
	};
	rootObject = E1BAE7D82DD3200200B4E159 /* Project object */;
}
